
Microsoft Visual Studio Solution File, Format Version 12.00
# Visual Studio 2012
Project("{8BC9CEB8-8B4A-11D0-8D11-00A0C91BC942}") = "VirtualMaze", "VirtualMaze.vcxproj", "{165C21E1-5A67-4673-9FE2-FFCBAB8E5CAF}"
EndProject
Global
	GlobalSection(SolutionConfigurationPlatforms) = preSolution
		Debug|Win32 = Debug|Win32
		Release|Win32 = Release|Win32
	EndGlobalSection
	GlobalSection(ProjectConfigurationPlatforms) = postSolution
		{165C21E1-5A67-4673-9FE2-FFCBAB8E5CAF}.Debug|Win32.ActiveCfg = Debug|Win32
		{165C21E1-5A67-4673-9FE2-FFCBAB8E5CAF}.Debug|Win32.Build.0 = Debug|Win32
		{165C21E1-5A67-4673-9FE2-FFCBAB8E5CAF}.Release|Win32.ActiveCfg = Release|Win32
		{165C21E1-5A67-4673-9FE2-FFCBAB8E5CAF}.Release|Win32.Build.0 = Release|Win32
	EndGlobalSection
	GlobalSection(SolutionProperties) = preSolution
		HideSolutionNode = FALSE
	EndGlobalSection
EndGlobal
